
Microsoft Visual Studio Solution File, Format Version 12.00
# Visual Studio 15
VisualStudioVersion = 15.0.27130.2027
MinimumVisualStudioVersion = 10.0.40219.1
Project("{FAE04EC0-301F-11D3-BF4B-00C04F79EFBC}") = "DebitCardNumber", "IntrondBasicSyntaxExercises\DebitCardNumber.csproj", "{1536B278-C700-423F-9F5A-2F94D9D6A255}"
EndProject
Project("{FAE04EC0-301F-11D3-BF4B-00C04F79EFBC}") = "RectangleArea", "RectangleArea\RectangleArea.csproj", "{A2A6F0E5-2AA6-4D1C-B827-C8E4A88D7BEA}"
EndProject
Project("{FAE04EC0-301F-11D3-BF4B-00C04F79EFBC}") = "MilesToKilometers", "MilesToKilometers\MilesToKilometers.csproj", "{262F0782-DD99-4BDE-B840-BA51EA332B94}"
EndProject
Project("{FAE04EC0-301F-11D3-BF4B-00C04F79EFBC}") = "BeverageLabels", "BeverageLabels\BeverageLabels.csproj", "{7553D87E-2AB4-4CB0-9AF9-9705774BDF33}"
EndProject
Project("{FAE04EC0-301F-11D3-BF4B-00C04F79EFBC}") = "CharacterStats", "CharacterStats\CharacterStats.csproj", "{7A50754B-0B91-4E31-8C53-D534C38CB917}"
EndProject
Global
	GlobalSection(SolutionConfigurationPlatforms) = preSolution
		Debug|Any CPU = Debug|Any CPU
		Release|Any CPU = Release|Any CPU
	EndGlobalSection
	GlobalSection(ProjectConfigurationPlatforms) = postSolution
		{1536B278-C700-423F-9F5A-2F94D9D6A255}.Debug|Any CPU.ActiveCfg = Debug|Any CPU
		{1536B278-C700-423F-9F5A-2F94D9D6A255}.Debug|Any CPU.Build.0 = Debug|Any CPU
		{1536B278-C700-423F-9F5A-2F94D9D6A255}.Release|Any CPU.ActiveCfg = Release|Any CPU
		{1536B278-C700-423F-9F5A-2F94D9D6A255}.Release|Any CPU.Build.0 = Release|Any CPU
		{A2A6F0E5-2AA6-4D1C-B827-C8E4A88D7BEA}.Debug|Any CPU.ActiveCfg = Debug|Any CPU
		{A2A6F0E5-2AA6-4D1C-B827-C8E4A88D7BEA}.Debug|Any CPU.Build.0 = Debug|Any CPU
		{A2A6F0E5-2AA6-4D1C-B827-C8E4A88D7BEA}.Release|Any CPU.ActiveCfg = Release|Any CPU
		{A2A6F0E5-2AA6-4D1C-B827-C8E4A88D7BEA}.Release|Any CPU.Build.0 = Release|Any CPU
		{262F0782-DD99-4BDE-B840-BA51EA332B94}.Debug|Any CPU.ActiveCfg = Debug|Any CPU
		{262F0782-DD99-4BDE-B840-BA51EA332B94}.Debug|Any CPU.Build.0 = Debug|Any CPU
		{262F0782-DD99-4BDE-B840-BA51EA332B94}.Release|Any CPU.ActiveCfg = Release|Any CPU
		{262F0782-DD99-4BDE-B840-BA51EA332B94}.Release|Any CPU.Build.0 = Release|Any CPU
		{7553D87E-2AB4-4CB0-9AF9-9705774BDF33}.Debug|Any CPU.ActiveCfg = Debug|Any CPU
		{7553D87E-2AB4-4CB0-9AF9-9705774BDF33}.Debug|Any CPU.Build.0 = Debug|Any CPU
		{7553D87E-2AB4-4CB0-9AF9-9705774BDF33}.Release|Any CPU.ActiveCfg = Release|Any CPU
		{7553D87E-2AB4-4CB0-9AF9-9705774BDF33}.Release|Any CPU.Build.0 = Release|Any CPU
		{7A50754B-0B91-4E31-8C53-D534C38CB917}.Debug|Any CPU.ActiveCfg = Debug|Any CPU
		{7A50754B-0B91-4E31-8C53-D534C38CB917}.Debug|Any CPU.Build.0 = Debug|Any CPU
		{7A50754B-0B91-4E31-8C53-D534C38CB917}.Release|Any CPU.ActiveCfg = Release|Any CPU
		{7A50754B-0B91-4E31-8C53-D534C38CB917}.Release|Any CPU.Build.0 = Release|Any CPU
	EndGlobalSection
	GlobalSection(SolutionProperties) = preSolution
		HideSolutionNode = FALSE
	EndGlobalSection
	GlobalSection(ExtensibilityGlobals) = postSolution
		SolutionGuid = {F11465B5-50D2-4A18-B7F6-7EB3F697F9EA}
	EndGlobalSection
EndGlobal
