
Microsoft Visual Studio Solution File, Format Version 12.00
# Visual Studio 15
VisualStudioVersion = 15.0.27130.2027
MinimumVisualStudioVersion = 10.0.40219.1
Project("{9A19103F-16F7-4668-BE54-9A1E7A4F7556}") = "RegexExercises", "RegexExercises\RegexExercises.csproj", "{7EF5E90D-100F-4A28-8372-A65D73E49665}"
EndProject
Project("{9A19103F-16F7-4668-BE54-9A1E7A4F7556}") = "Extract entencesByKeyword", "Extract entencesByKeyword\Extract entencesByKeyword.csproj", "{1C403B0F-05D0-4B60-902E-4489590DA2B7}"
EndProject
Project("{9A19103F-16F7-4668-BE54-9A1E7A4F7556}") = "KameraView", "KameraView\KameraView.csproj", "{05246FAE-3D97-40F8-8A54-787DD1B26285}"
EndProject
Project("{9A19103F-16F7-4668-BE54-9A1E7A4F7556}") = "Weather", "Weather\Weather.csproj", "{1BA2E181-A6EF-4423-973E-086D1FC48A74}"
EndProject
Project("{FAE04EC0-301F-11D3-BF4B-00C04F79EFBC}") = "KeyReplacer", "KeyReplacer\KeyReplacer.csproj", "{B29E4599-DDBA-42FD-8BC8-5009403548FA}"
EndProject
Global
	GlobalSection(SolutionConfigurationPlatforms) = preSolution
		Debug|Any CPU = Debug|Any CPU
		Release|Any CPU = Release|Any CPU
	EndGlobalSection
	GlobalSection(ProjectConfigurationPlatforms) = postSolution
		{7EF5E90D-100F-4A28-8372-A65D73E49665}.Debug|Any CPU.ActiveCfg = Debug|Any CPU
		{7EF5E90D-100F-4A28-8372-A65D73E49665}.Debug|Any CPU.Build.0 = Debug|Any CPU
		{7EF5E90D-100F-4A28-8372-A65D73E49665}.Release|Any CPU.ActiveCfg = Release|Any CPU
		{7EF5E90D-100F-4A28-8372-A65D73E49665}.Release|Any CPU.Build.0 = Release|Any CPU
		{1C403B0F-05D0-4B60-902E-4489590DA2B7}.Debug|Any CPU.ActiveCfg = Debug|Any CPU
		{1C403B0F-05D0-4B60-902E-4489590DA2B7}.Debug|Any CPU.Build.0 = Debug|Any CPU
		{1C403B0F-05D0-4B60-902E-4489590DA2B7}.Release|Any CPU.ActiveCfg = Release|Any CPU
		{1C403B0F-05D0-4B60-902E-4489590DA2B7}.Release|Any CPU.Build.0 = Release|Any CPU
		{05246FAE-3D97-40F8-8A54-787DD1B26285}.Debug|Any CPU.ActiveCfg = Debug|Any CPU
		{05246FAE-3D97-40F8-8A54-787DD1B26285}.Debug|Any CPU.Build.0 = Debug|Any CPU
		{05246FAE-3D97-40F8-8A54-787DD1B26285}.Release|Any CPU.ActiveCfg = Release|Any CPU
		{05246FAE-3D97-40F8-8A54-787DD1B26285}.Release|Any CPU.Build.0 = Release|Any CPU
		{1BA2E181-A6EF-4423-973E-086D1FC48A74}.Debug|Any CPU.ActiveCfg = Debug|Any CPU
		{1BA2E181-A6EF-4423-973E-086D1FC48A74}.Debug|Any CPU.Build.0 = Debug|Any CPU
		{1BA2E181-A6EF-4423-973E-086D1FC48A74}.Release|Any CPU.ActiveCfg = Release|Any CPU
		{1BA2E181-A6EF-4423-973E-086D1FC48A74}.Release|Any CPU.Build.0 = Release|Any CPU
		{B29E4599-DDBA-42FD-8BC8-5009403548FA}.Debug|Any CPU.ActiveCfg = Debug|Any CPU
		{B29E4599-DDBA-42FD-8BC8-5009403548FA}.Debug|Any CPU.Build.0 = Debug|Any CPU
		{B29E4599-DDBA-42FD-8BC8-5009403548FA}.Release|Any CPU.ActiveCfg = Release|Any CPU
		{B29E4599-DDBA-42FD-8BC8-5009403548FA}.Release|Any CPU.Build.0 = Release|Any CPU
	EndGlobalSection
	GlobalSection(SolutionProperties) = preSolution
		HideSolutionNode = FALSE
	EndGlobalSection
	GlobalSection(ExtensibilityGlobals) = postSolution
		SolutionGuid = {034ACD12-2A17-4F1A-9A82-A80A69FAB4C7}
	EndGlobalSection
EndGlobal
